
Microsoft Visual Studio Solution File, Format Version 12.00
# Visual Studio 15
Project("{FAE04EC0-301F-11D3-BF4B-00C04F79EFBC}") = "Scripts", "Scripts.csproj", "{93A0B344-42D5-E84D-7A4E-74246A5FD9E2}"
EndProject
Project("{FAE04EC0-301F-11D3-BF4B-00C04F79EFBC}") = "Unity.LevelPlay.Editor", "Unity.LevelPlay.Editor.csproj", "{7B0151B2-7A44-5B97-34CD-D02B7B2C7E48}"
EndProject
Project("{FAE04EC0-301F-11D3-BF4B-00C04F79EFBC}") = "NavMeshPlusEditor", "NavMeshPlusEditor.csproj", "{B4CB13A7-7DF5-FAD2-14B1-2EF0F80AA048}"
EndProject
Project("{FAE04EC0-301F-11D3-BF4B-00C04F79EFBC}") = "Unity.LevelPlay", "Unity.LevelPlay.csproj", "{7CD882CE-74B6-9CCB-556B-C030827C2B89}"
EndProject
Project("{FAE04EC0-301F-11D3-BF4B-00C04F79EFBC}") = "Assembly-CSharp", "Assembly-CSharp.csproj", "{75DEB972-6DFE-56CA-1516-9F8B6E71C68F}"
EndProject
Project("{FAE04EC0-301F-11D3-BF4B-00C04F79EFBC}") = "Google.Play.Common", "Google.Play.Common.csproj", "{D0210697-5CC9-625E-D380-64326EBA47F2}"
EndProject
Project("{FAE04EC0-301F-11D3-BF4B-00C04F79EFBC}") = "NavMeshPlus", "NavMeshPlus.csproj", "{A3731E07-73D8-CCE7-DD08-FE3207B1870D}"
EndProject
Project("{FAE04EC0-301F-11D3-BF4B-00C04F79EFBC}") = "EditMode", "EditMode.csproj", "{9780CC3A-EF1A-44D3-F0DE-36C9AD3DB8DE}"
EndProject
Project("{FAE04EC0-301F-11D3-BF4B-00C04F79EFBC}") = "GoogleMobileAds.Editor", "GoogleMobileAds.Editor.csproj", "{45E22F03-EEE4-2CCA-C1B8-25466D41AB4F}"
EndProject
Project("{FAE04EC0-301F-11D3-BF4B-00C04F79EFBC}") = "Assembly-CSharp-Editor", "Assembly-CSharp-Editor.csproj", "{E3F7A19B-43C8-FC07-63C2-1B6EC876003F}"
EndProject
Project("{FAE04EC0-301F-11D3-BF4B-00C04F79EFBC}") = "Google.Play.Core", "Google.Play.Core.csproj", "{E239C612-BAA6-3347-DE8B-EF9CD2F24A0F}"
EndProject
Project("{FAE04EC0-301F-11D3-BF4B-00C04F79EFBC}") = "Google.Play.Review", "Google.Play.Review.csproj", "{09AA003E-0298-F9A0-6BE7-69DBF6D5868C}"
EndProject
Project("{FAE04EC0-301F-11D3-BF4B-00C04F79EFBC}") = "GoogleMobileAds.Mediation.UnityAds.iOS", "GoogleMobileAds.Mediation.UnityAds.iOS.csproj", "{435C40B9-6445-7068-CCEB-554A686DC172}"
EndProject
Project("{FAE04EC0-301F-11D3-BF4B-00C04F79EFBC}") = "PlayMode", "PlayMode.csproj", "{CDFFD2F5-E837-FDF1-ED14-648B9363BDAA}"
EndProject
Project("{FAE04EC0-301F-11D3-BF4B-00C04F79EFBC}") = "GoogleMobileAds.Mediation.UnityAds.Common", "GoogleMobileAds.Mediation.UnityAds.Common.csproj", "{DAACC267-2388-23BD-4A3B-8E8715655502}"
EndProject
Project("{FAE04EC0-301F-11D3-BF4B-00C04F79EFBC}") = "GoogleMobileAds.Mediation.UnityAds.Api", "GoogleMobileAds.Mediation.UnityAds.Api.csproj", "{E41A6C40-2686-220E-AF68-21640046B6AB}"
EndProject
Project("{FAE04EC0-301F-11D3-BF4B-00C04F79EFBC}") = "GoogleMobileAds.Mediation.UnityAds.Android", "GoogleMobileAds.Mediation.UnityAds.Android.csproj", "{B4BF57F7-912F-D42F-7F8A-79376D9AB916}"
EndProject
Global
	GlobalSection(SolutionConfigurationPlatforms) = preSolution
		Debug|Any CPU = Debug|Any CPU
		Release|Any CPU = Release|Any CPU
	EndGlobalSection
	GlobalSection(ProjectConfigurationPlatforms) = postSolution
		{93A0B344-42D5-E84D-7A4E-74246A5FD9E2}.Debug|Any CPU.ActiveCfg = Debug|Any CPU
		{93A0B344-42D5-E84D-7A4E-74246A5FD9E2}.Debug|Any CPU.Build.0 = Debug|Any CPU
		{93A0B344-42D5-E84D-7A4E-74246A5FD9E2}.Release|Any CPU.ActiveCfg = Release|Any CPU
		{93A0B344-42D5-E84D-7A4E-74246A5FD9E2}.Release|Any CPU.Build.0 = Release|Any CPU
		{7B0151B2-7A44-5B97-34CD-D02B7B2C7E48}.Debug|Any CPU.ActiveCfg = Debug|Any CPU
		{7B0151B2-7A44-5B97-34CD-D02B7B2C7E48}.Debug|Any CPU.Build.0 = Debug|Any CPU
		{7B0151B2-7A44-5B97-34CD-D02B7B2C7E48}.Release|Any CPU.ActiveCfg = Release|Any CPU
		{7B0151B2-7A44-5B97-34CD-D02B7B2C7E48}.Release|Any CPU.Build.0 = Release|Any CPU
		{B4CB13A7-7DF5-FAD2-14B1-2EF0F80AA048}.Debug|Any CPU.ActiveCfg = Debug|Any CPU
		{B4CB13A7-7DF5-FAD2-14B1-2EF0F80AA048}.Debug|Any CPU.Build.0 = Debug|Any CPU
		{B4CB13A7-7DF5-FAD2-14B1-2EF0F80AA048}.Release|Any CPU.ActiveCfg = Release|Any CPU
		{B4CB13A7-7DF5-FAD2-14B1-2EF0F80AA048}.Release|Any CPU.Build.0 = Release|Any CPU
		{7CD882CE-74B6-9CCB-556B-C030827C2B89}.Debug|Any CPU.ActiveCfg = Debug|Any CPU
		{7CD882CE-74B6-9CCB-556B-C030827C2B89}.Debug|Any CPU.Build.0 = Debug|Any CPU
		{7CD882CE-74B6-9CCB-556B-C030827C2B89}.Release|Any CPU.ActiveCfg = Release|Any CPU
		{7CD882CE-74B6-9CCB-556B-C030827C2B89}.Release|Any CPU.Build.0 = Release|Any CPU
		{75DEB972-6DFE-56CA-1516-9F8B6E71C68F}.Debug|Any CPU.ActiveCfg = Debug|Any CPU
		{75DEB972-6DFE-56CA-1516-9F8B6E71C68F}.Debug|Any CPU.Build.0 = Debug|Any CPU
		{75DEB972-6DFE-56CA-1516-9F8B6E71C68F}.Release|Any CPU.ActiveCfg = Release|Any CPU
		{75DEB972-6DFE-56CA-1516-9F8B6E71C68F}.Release|Any CPU.Build.0 = Release|Any CPU
		{D0210697-5CC9-625E-D380-64326EBA47F2}.Debug|Any CPU.ActiveCfg = Debug|Any CPU
		{D0210697-5CC9-625E-D380-64326EBA47F2}.Debug|Any CPU.Build.0 = Debug|Any CPU
		{D0210697-5CC9-625E-D380-64326EBA47F2}.Release|Any CPU.ActiveCfg = Release|Any CPU
		{D0210697-5CC9-625E-D380-64326EBA47F2}.Release|Any CPU.Build.0 = Release|Any CPU
		{A3731E07-73D8-CCE7-DD08-FE3207B1870D}.Debug|Any CPU.ActiveCfg = Debug|Any CPU
		{A3731E07-73D8-CCE7-DD08-FE3207B1870D}.Debug|Any CPU.Build.0 = Debug|Any CPU
		{A3731E07-73D8-CCE7-DD08-FE3207B1870D}.Release|Any CPU.ActiveCfg = Release|Any CPU
		{A3731E07-73D8-CCE7-DD08-FE3207B1870D}.Release|Any CPU.Build.0 = Release|Any CPU
		{9780CC3A-EF1A-44D3-F0DE-36C9AD3DB8DE}.Debug|Any CPU.ActiveCfg = Debug|Any CPU
		{9780CC3A-EF1A-44D3-F0DE-36C9AD3DB8DE}.Debug|Any CPU.Build.0 = Debug|Any CPU
		{9780CC3A-EF1A-44D3-F0DE-36C9AD3DB8DE}.Release|Any CPU.ActiveCfg = Release|Any CPU
		{9780CC3A-EF1A-44D3-F0DE-36C9AD3DB8DE}.Release|Any CPU.Build.0 = Release|Any CPU
		{45E22F03-EEE4-2CCA-C1B8-25466D41AB4F}.Debug|Any CPU.ActiveCfg = Debug|Any CPU
		{45E22F03-EEE4-2CCA-C1B8-25466D41AB4F}.Debug|Any CPU.Build.0 = Debug|Any CPU
		{45E22F03-EEE4-2CCA-C1B8-25466D41AB4F}.Release|Any CPU.ActiveCfg = Release|Any CPU
		{45E22F03-EEE4-2CCA-C1B8-25466D41AB4F}.Release|Any CPU.Build.0 = Release|Any CPU
		{E3F7A19B-43C8-FC07-63C2-1B6EC876003F}.Debug|Any CPU.ActiveCfg = Debug|Any CPU
		{E3F7A19B-43C8-FC07-63C2-1B6EC876003F}.Debug|Any CPU.Build.0 = Debug|Any CPU
		{E3F7A19B-43C8-FC07-63C2-1B6EC876003F}.Release|Any CPU.ActiveCfg = Release|Any CPU
		{E3F7A19B-43C8-FC07-63C2-1B6EC876003F}.Release|Any CPU.Build.0 = Release|Any CPU
		{E239C612-BAA6-3347-DE8B-EF9CD2F24A0F}.Debug|Any CPU.ActiveCfg = Debug|Any CPU
		{E239C612-BAA6-3347-DE8B-EF9CD2F24A0F}.Debug|Any CPU.Build.0 = Debug|Any CPU
		{E239C612-BAA6-3347-DE8B-EF9CD2F24A0F}.Release|Any CPU.ActiveCfg = Release|Any CPU
		{E239C612-BAA6-3347-DE8B-EF9CD2F24A0F}.Release|Any CPU.Build.0 = Release|Any CPU
		{09AA003E-0298-F9A0-6BE7-69DBF6D5868C}.Debug|Any CPU.ActiveCfg = Debug|Any CPU
		{09AA003E-0298-F9A0-6BE7-69DBF6D5868C}.Debug|Any CPU.Build.0 = Debug|Any CPU
		{09AA003E-0298-F9A0-6BE7-69DBF6D5868C}.Release|Any CPU.ActiveCfg = Release|Any CPU
		{09AA003E-0298-F9A0-6BE7-69DBF6D5868C}.Release|Any CPU.Build.0 = Release|Any CPU
		{435C40B9-6445-7068-CCEB-554A686DC172}.Debug|Any CPU.ActiveCfg = Debug|Any CPU
		{435C40B9-6445-7068-CCEB-554A686DC172}.Debug|Any CPU.Build.0 = Debug|Any CPU
		{435C40B9-6445-7068-CCEB-554A686DC172}.Release|Any CPU.ActiveCfg = Release|Any CPU
		{435C40B9-6445-7068-CCEB-554A686DC172}.Release|Any CPU.Build.0 = Release|Any CPU
		{CDFFD2F5-E837-FDF1-ED14-648B9363BDAA}.Debug|Any CPU.ActiveCfg = Debug|Any CPU
		{CDFFD2F5-E837-FDF1-ED14-648B9363BDAA}.Debug|Any CPU.Build.0 = Debug|Any CPU
		{CDFFD2F5-E837-FDF1-ED14-648B9363BDAA}.Release|Any CPU.ActiveCfg = Release|Any CPU
		{CDFFD2F5-E837-FDF1-ED14-648B9363BDAA}.Release|Any CPU.Build.0 = Release|Any CPU
		{DAACC267-2388-23BD-4A3B-8E8715655502}.Debug|Any CPU.ActiveCfg = Debug|Any CPU
		{DAACC267-2388-23BD-4A3B-8E8715655502}.Debug|Any CPU.Build.0 = Debug|Any CPU
		{DAACC267-2388-23BD-4A3B-8E8715655502}.Release|Any CPU.ActiveCfg = Release|Any CPU
		{DAACC267-2388-23BD-4A3B-8E8715655502}.Release|Any CPU.Build.0 = Release|Any CPU
		{E41A6C40-2686-220E-AF68-21640046B6AB}.Debug|Any CPU.ActiveCfg = Debug|Any CPU
		{E41A6C40-2686-220E-AF68-21640046B6AB}.Debug|Any CPU.Build.0 = Debug|Any CPU
		{E41A6C40-2686-220E-AF68-21640046B6AB}.Release|Any CPU.ActiveCfg = Release|Any CPU
		{E41A6C40-2686-220E-AF68-21640046B6AB}.Release|Any CPU.Build.0 = Release|Any CPU
		{B4BF57F7-912F-D42F-7F8A-79376D9AB916}.Debug|Any CPU.ActiveCfg = Debug|Any CPU
		{B4BF57F7-912F-D42F-7F8A-79376D9AB916}.Debug|Any CPU.Build.0 = Debug|Any CPU
		{B4BF57F7-912F-D42F-7F8A-79376D9AB916}.Release|Any CPU.ActiveCfg = Release|Any CPU
		{B4BF57F7-912F-D42F-7F8A-79376D9AB916}.Release|Any CPU.Build.0 = Release|Any CPU
	EndGlobalSection
	GlobalSection(SolutionProperties) = preSolution
		HideSolutionNode = FALSE
	EndGlobalSection
EndGlobal
